
Microsoft Visual Studio Solution File, Format Version 12.00
# Visual Studio Version 17
VisualStudioVersion = 17.9.34714.143
MinimumVisualStudioVersion = 10.0.40219.1
Project("{9A19103F-16F7-4668-BE54-9A1E7A4F7556}") = "LocalUtilities", "_lib\LocalUtilities\LocalUtilities.csproj", "{F66FC33B-1850-4506-9373-FB423CACD628}"
EndProject
Project("{9A19103F-16F7-4668-BE54-9A1E7A4F7556}") = "ClientTest", "ClientTest\ClientTest.csproj", "{05B1787D-639F-41AF-92EB-0870ACBAD2B1}"
EndProject
Project("{9A19103F-16F7-4668-BE54-9A1E7A4F7556}") = "HostTest", "HostTest\HostTest.csproj", "{7C5D0AED-63AB-49FC-8ED4-74A9D6CDD9A6}"
EndProject
Global
	GlobalSection(SolutionConfigurationPlatforms) = preSolution
		Debug|Any CPU = Debug|Any CPU
		Release|Any CPU = Release|Any CPU
	EndGlobalSection
	GlobalSection(ProjectConfigurationPlatforms) = postSolution
		{F66FC33B-1850-4506-9373-FB423CACD628}.Debug|Any CPU.ActiveCfg = Debug|Any CPU
		{F66FC33B-1850-4506-9373-FB423CACD628}.Debug|Any CPU.Build.0 = Debug|Any CPU
		{F66FC33B-1850-4506-9373-FB423CACD628}.Release|Any CPU.ActiveCfg = Release|Any CPU
		{F66FC33B-1850-4506-9373-FB423CACD628}.Release|Any CPU.Build.0 = Release|Any CPU
		{05B1787D-639F-41AF-92EB-0870ACBAD2B1}.Debug|Any CPU.ActiveCfg = Debug|Any CPU
		{05B1787D-639F-41AF-92EB-0870ACBAD2B1}.Debug|Any CPU.Build.0 = Debug|Any CPU
		{05B1787D-639F-41AF-92EB-0870ACBAD2B1}.Release|Any CPU.ActiveCfg = Release|Any CPU
		{05B1787D-639F-41AF-92EB-0870ACBAD2B1}.Release|Any CPU.Build.0 = Release|Any CPU
		{7C5D0AED-63AB-49FC-8ED4-74A9D6CDD9A6}.Debug|Any CPU.ActiveCfg = Debug|Any CPU
		{7C5D0AED-63AB-49FC-8ED4-74A9D6CDD9A6}.Debug|Any CPU.Build.0 = Debug|Any CPU
		{7C5D0AED-63AB-49FC-8ED4-74A9D6CDD9A6}.Release|Any CPU.ActiveCfg = Release|Any CPU
		{7C5D0AED-63AB-49FC-8ED4-74A9D6CDD9A6}.Release|Any CPU.Build.0 = Release|Any CPU
	EndGlobalSection
	GlobalSection(SolutionProperties) = preSolution
		HideSolutionNode = FALSE
	EndGlobalSection
	GlobalSection(ExtensibilityGlobals) = postSolution
		SolutionGuid = {F19392D5-2A1D-4902-AAF0-90B209D2D79B}
	EndGlobalSection
EndGlobal
